// !$*UTF8*$!
{
	archiveVersion = 1;
	classes = {
	};
	objectVersion = 55;
	objects = {

/* Begin PBXBuildFile section */
		20E7DB84616887AA19960154 /* Pods_ChatCentral.framework in Frameworks */ = {isa = PBXBuildFile; fileRef = BF491C6A56F8407E2F584779 /* Pods_ChatCentral.framework */; };
		C5D866942784F44900793041 /* AppDelegate.swift in Sources */ = {isa = PBXBuildFile; fileRef = C5D866932784F44900793041 /* AppDelegate.swift */; };
		C5D866962784F44900793041 /* SceneDelegate.swift in Sources */ = {isa = PBXBuildFile; fileRef = C5D866952784F44900793041 /* SceneDelegate.swift */; };
		C5D8669B2784F44900793041 /* Main.storyboard in Resources */ = {isa = PBXBuildFile; fileRef = C5D866992784F44900793041 /* Main.storyboard */; };
		C5D8669D2784F44B00793041 /* Assets.xcassets in Resources */ = {isa = PBXBuildFile; fileRef = C5D8669C2784F44B00793041 /* Assets.xcassets */; };
		C5D866A02784F44B00793041 /* LaunchScreen.storyboard in Resources */ = {isa = PBXBuildFile; fileRef = C5D8669E2784F44B00793041 /* LaunchScreen.storyboard */; };
		C5D866AC2784F57F00793041 /* WelcomeViewController.swift in Sources */ = {isa = PBXBuildFile; fileRef = C5D866AB2784F57F00793041 /* WelcomeViewController.swift */; };
		C5D866AE2784F69F00793041 /* RegisterViewController.swift in Sources */ = {isa = PBXBuildFile; fileRef = C5D866AD2784F69F00793041 /* RegisterViewController.swift */; };
		C5D866B22784F6FF00793041 /* ChatViewController.swift in Sources */ = {isa = PBXBuildFile; fileRef = C5D866B12784F6FF00793041 /* ChatViewController.swift */; };
		C5D866B42785DCD000793041 /* GoogleService-Info.plist in Resources */ = {isa = PBXBuildFile; fileRef = C5D866B32785DCD000793041 /* GoogleService-Info.plist */; };
		C5D866B72785E90300793041 /* Utils.swift in Sources */ = {isa = PBXBuildFile; fileRef = C5D866B62785E90300793041 /* Utils.swift */; };
		C5D866B92785F45D00793041 /* Constants.swift in Sources */ = {isa = PBXBuildFile; fileRef = C5D866B82785F45D00793041 /* Constants.swift */; };
		C5D866BB2785F8B100793041 /* MessageModel.swift in Sources */ = {isa = PBXBuildFile; fileRef = C5D866BA2785F8B100793041 /* MessageModel.swift */; };
		C5D866BE2785FE0C00793041 /* MessageCell.swift in Sources */ = {isa = PBXBuildFile; fileRef = C5D866BC2785FE0C00793041 /* MessageCell.swift */; };
		C5D866C1278609C800793041 /* MessageCell.xib in Resources */ = {isa = PBXBuildFile; fileRef = C5D866C0278609C800793041 /* MessageCell.xib */; };
		C5DB63A0278645EC005C1525 /* Firebase.swift in Sources */ = {isa = PBXBuildFile; fileRef = C5DB639F278645EC005C1525 /* Firebase.swift */; };
/* End PBXBuildFile section */

/* Begin PBXFileReference section */
		0E91E9859F19FB222358F2F7 /* Pods-ChatCentral.release.xcconfig */ = {isa = PBXFileReference; includeInIndex = 1; lastKnownFileType = text.xcconfig; name = "Pods-ChatCentral.release.xcconfig"; path = "Target Support Files/Pods-ChatCentral/Pods-ChatCentral.release.xcconfig"; sourceTree = "<group>"; };
		B36567E928E17A633841D6FD /* Pods-ChatCentral.debug.xcconfig */ = {isa = PBXFileReference; includeInIndex = 1; lastKnownFileType = text.xcconfig; name = "Pods-ChatCentral.debug.xcconfig"; path = "Target Support Files/Pods-ChatCentral/Pods-ChatCentral.debug.xcconfig"; sourceTree = "<group>"; };
		BF491C6A56F8407E2F584779 /* Pods_ChatCentral.framework */ = {isa = PBXFileReference; explicitFileType = wrapper.framework; includeInIndex = 0; path = Pods_ChatCentral.framework; sourceTree = BUILT_PRODUCTS_DIR; };
		C5D866902784F44900793041 /* ChatCentral.app */ = {isa = PBXFileReference; explicitFileType = wrapper.application; includeInIndex = 0; path = ChatCentral.app; sourceTree = BUILT_PRODUCTS_DIR; };
		C5D866932784F44900793041 /* AppDelegate.swift */ = {isa = PBXFileReference; lastKnownFileType = sourcecode.swift; path = AppDelegate.swift; sourceTree = "<group>"; };
		C5D866952784F44900793041 /* SceneDelegate.swift */ = {isa = PBXFileReference; lastKnownFileType = sourcecode.swift; path = SceneDelegate.swift; sourceTree = "<group>"; };
		C5D8669A2784F44900793041 /* Base */ = {isa = PBXFileReference; lastKnownFileType = file.storyboard; name = Base; path = Base.lproj/Main.storyboard; sourceTree = "<group>"; };
		C5D8669C2784F44B00793041 /* Assets.xcassets */ = {isa = PBXFileReference; lastKnownFileType = folder.assetcatalog; path = Assets.xcassets; sourceTree = "<group>"; };
		C5D8669F2784F44B00793041 /* Base */ = {isa = PBXFileReference; lastKnownFileType = file.storyboard; name = Base; path = Base.lproj/LaunchScreen.storyboard; sourceTree = "<group>"; };
		C5D866A12784F44B00793041 /* Info.plist */ = {isa = PBXFileReference; lastKnownFileType = text.plist.xml; path = Info.plist; sourceTree = "<group>"; };
		C5D866AB2784F57F00793041 /* WelcomeViewController.swift */ = {isa = PBXFileReference; lastKnownFileType = sourcecode.swift; path = WelcomeViewController.swift; sourceTree = "<group>"; };
		C5D866AD2784F69F00793041 /* RegisterViewController.swift */ = {isa = PBXFileReference; lastKnownFileType = sourcecode.swift; path = RegisterViewController.swift; sourceTree = "<group>"; };
		C5D866B12784F6FF00793041 /* ChatViewController.swift */ = {isa = PBXFileReference; lastKnownFileType = sourcecode.swift; path = ChatViewController.swift; sourceTree = "<group>"; };
		C5D866B32785DCD000793041 /* GoogleService-Info.plist */ = {isa = PBXFileReference; fileEncoding = 4; lastKnownFileType = text.plist.xml; path = "GoogleService-Info.plist"; sourceTree = "<group>"; };
		C5D866B62785E90300793041 /* Utils.swift */ = {isa = PBXFileReference; lastKnownFileType = sourcecode.swift; path = Utils.swift; sourceTree = "<group>"; };
		C5D866B82785F45D00793041 /* Constants.swift */ = {isa = PBXFileReference; lastKnownFileType = sourcecode.swift; path = Constants.swift; sourceTree = "<group>"; };
		C5D866BA2785F8B100793041 /* MessageModel.swift */ = {isa = PBXFileReference; lastKnownFileType = sourcecode.swift; path = MessageModel.swift; sourceTree = "<group>"; };
		C5D866BC2785FE0C00793041 /* MessageCell.swift */ = {isa = PBXFileReference; lastKnownFileType = sourcecode.swift; path = MessageCell.swift; sourceTree = "<group>"; };
		C5D866C0278609C800793041 /* MessageCell.xib */ = {isa = PBXFileReference; fileEncoding = 4; lastKnownFileType = file.xib; path = MessageCell.xib; sourceTree = "<group>"; };
		C5DB639F278645EC005C1525 /* Firebase.swift */ = {isa = PBXFileReference; lastKnownFileType = sourcecode.swift; path = Firebase.swift; sourceTree = "<group>"; };
/* End PBXFileReference section */

/* Begin PBXFrameworksBuildPhase section */
		C5D8668D2784F44900793041 /* Frameworks */ = {
			isa = PBXFrameworksBuildPhase;
			buildActionMask = 2147483647;
			files = (
				20E7DB84616887AA19960154 /* Pods_ChatCentral.framework in Frameworks */,
			);
			runOnlyForDeploymentPostprocessing = 0;
		};
/* End PBXFrameworksBuildPhase section */

/* Begin PBXGroup section */
		39D57A7B8997C83E4AB1520E /* Pods */ = {
			isa = PBXGroup;
			children = (
				B36567E928E17A633841D6FD /* Pods-ChatCentral.debug.xcconfig */,
				0E91E9859F19FB222358F2F7 /* Pods-ChatCentral.release.xcconfig */,
			);
			path = Pods;
			sourceTree = "<group>";
		};
		4D65D167D6D3C32DB4E21198 /* Frameworks */ = {
			isa = PBXGroup;
			children = (
				BF491C6A56F8407E2F584779 /* Pods_ChatCentral.framework */,
			);
			name = Frameworks;
			sourceTree = "<group>";
		};
		C5D866872784F44900793041 = {
			isa = PBXGroup;
			children = (
				C5D866922784F44900793041 /* ChatCentral */,
				C5D866912784F44900793041 /* Products */,
				39D57A7B8997C83E4AB1520E /* Pods */,
				4D65D167D6D3C32DB4E21198 /* Frameworks */,
			);
			sourceTree = "<group>";
		};
		C5D866912784F44900793041 /* Products */ = {
			isa = PBXGroup;
			children = (
				C5D866902784F44900793041 /* ChatCentral.app */,
			);
			name = Products;
			sourceTree = "<group>";
		};
		C5D866922784F44900793041 /* ChatCentral */ = {
			isa = PBXGroup;
			children = (
				C5D866A72784F47B00793041 /* App */,
				C5D866A82784F48400793041 /* Models */,
				C5D866A92784F48C00793041 /* Views */,
				C5D866AA2784F49D00793041 /* Controllers */,
				C5DB639E278645C7005C1525 /* Services */,
				C5D866B52785E8EE00793041 /* Helpers */,
				C5D8669C2784F44B00793041 /* Assets.xcassets */,
				C5D866A12784F44B00793041 /* Info.plist */,
				C5D866B32785DCD000793041 /* GoogleService-Info.plist */,
			);
			path = ChatCentral;
			sourceTree = "<group>";
		};
		C5D866A72784F47B00793041 /* App */ = {
			isa = PBXGroup;
			children = (
				C5D866932784F44900793041 /* AppDelegate.swift */,
				C5D866952784F44900793041 /* SceneDelegate.swift */,
			);
			path = App;
			sourceTree = "<group>";
		};
		C5D866A82784F48400793041 /* Models */ = {
			isa = PBXGroup;
			children = (
				C5D866BA2785F8B100793041 /* MessageModel.swift */,
			);
			path = Models;
			sourceTree = "<group>";
		};
		C5D866A92784F48C00793041 /* Views */ = {
			isa = PBXGroup;
			children = (
				C5D866992784F44900793041 /* Main.storyboard */,
				C5D8669E2784F44B00793041 /* LaunchScreen.storyboard */,
				C5D866C0278609C800793041 /* MessageCell.xib */,
				C5D866BC2785FE0C00793041 /* MessageCell.swift */,
			);
			path = Views;
			sourceTree = "<group>";
		};
		C5D866AA2784F49D00793041 /* Controllers */ = {
			isa = PBXGroup;
			children = (
				C5D866AB2784F57F00793041 /* WelcomeViewController.swift */,
				C5D866AD2784F69F00793041 /* RegisterViewController.swift */,
				C5D866B12784F6FF00793041 /* ChatViewController.swift */,
			);
			path = Controllers;
			sourceTree = "<group>";
		};
		C5D866B52785E8EE00793041 /* Helpers */ = {
			isa = PBXGroup;
			children = (
				C5D866B62785E90300793041 /* Utils.swift */,
				C5D866B82785F45D00793041 /* Constants.swift */,
			);
			path = Helpers;
			sourceTree = "<group>";
		};
		C5DB639E278645C7005C1525 /* Services */ = {
			isa = PBXGroup;
			children = (
				C5DB639F278645EC005C1525 /* Firebase.swift */,
			);
			path = Services;
			sourceTree = "<group>";
		};
/* End PBXGroup section */

/* Begin PBXNativeTarget section */
		C5D8668F2784F44900793041 /* ChatCentral */ = {
			isa = PBXNativeTarget;
			buildConfigurationList = C5D866A42784F44B00793041 /* Build configuration list for PBXNativeTarget "ChatCentral" */;
			buildPhases = (
				60E2F2781DE2014155C01112 /* [CP] Check Pods Manifest.lock */,
				C5D8668C2784F44900793041 /* Sources */,
				C5D8668D2784F44900793041 /* Frameworks */,
				C5D8668E2784F44900793041 /* Resources */,
				67D52AB1B0D3DFA28CE6582E /* [CP] Embed Pods Frameworks */,
			);
			buildRules = (
			);
			dependencies = (
			);
			name = ChatCentral;
			productName = ChatCentral;
			productReference = C5D866902784F44900793041 /* ChatCentral.app */;
			productType = "com.apple.product-type.application";
		};
/* End PBXNativeTarget section */

/* Begin PBXProject section */
		C5D866882784F44900793041 /* Project object */ = {
			isa = PBXProject;
			attributes = {
				BuildIndependentTargetsInParallel = 1;
				LastSwiftUpdateCheck = 1320;
				LastUpgradeCheck = 1320;
				TargetAttributes = {
					C5D8668F2784F44900793041 = {
						CreatedOnToolsVersion = 13.2.1;
					};
				};
			};
			buildConfigurationList = C5D8668B2784F44900793041 /* Build configuration list for PBXProject "ChatCentral" */;
			compatibilityVersion = "Xcode 13.0";
			developmentRegion = en;
			hasScannedForEncodings = 0;
			knownRegions = (
				en,
				Base,
			);
			mainGroup = C5D866872784F44900793041;
			productRefGroup = C5D866912784F44900793041 /* Products */;
			projectDirPath = "";
			projectRoot = "";
			targets = (
				C5D8668F2784F44900793041 /* ChatCentral */,
			);
		};
/* End PBXProject section */

/* Begin PBXResourcesBuildPhase section */
		C5D8668E2784F44900793041 /* Resources */ = {
			isa = PBXResourcesBuildPhase;
			buildActionMask = 2147483647;
			files = (
				C5D866C1278609C800793041 /* MessageCell.xib in Resources */,
				C5D866A02784F44B00793041 /* LaunchScreen.storyboard in Resources */,
				C5D866B42785DCD000793041 /* GoogleService-Info.plist in Resources */,
				C5D8669D2784F44B00793041 /* Assets.xcassets in Resources */,
				C5D8669B2784F44900793041 /* Main.storyboard in Resources */,
			);
			runOnlyForDeploymentPostprocessing = 0;
		};
/* End PBXResourcesBuildPhase section */

/* Begin PBXShellScriptBuildPhase section */
		60E2F2781DE2014155C01112 /* [CP] Check Pods Manifest.lock */ = {
			isa = PBXShellScriptBuildPhase;
			buildActionMask = 2147483647;
			files = (
			);
			inputFileListPaths = (
			);
			inputPaths = (
				"${PODS_PODFILE_DIR_PATH}/Podfile.lock",
				"${PODS_ROOT}/Manifest.lock",
			);
			name = "[CP] Check Pods Manifest.lock";
			outputFileListPaths = (
			);
			outputPaths = (
				"$(DERIVED_FILE_DIR)/Pods-ChatCentral-checkManifestLockResult.txt",
			);
			runOnlyForDeploymentPostprocessing = 0;
			shellPath = /bin/sh;
			shellScript = "diff \"${PODS_PODFILE_DIR_PATH}/Podfile.lock\" \"${PODS_ROOT}/Manifest.lock\" > /dev/null\nif [ $? != 0 ] ; then\n    # print error to STDERR\n    echo \"error: The sandbox is not in sync with the Podfile.lock. Run 'pod install' or update your CocoaPods installation.\" >&2\n    exit 1\nfi\n# This output is used by Xcode 'outputs' to avoid re-running this script phase.\necho \"SUCCESS\" > \"${SCRIPT_OUTPUT_FILE_0}\"\n";
			showEnvVarsInLog = 0;
		};
		67D52AB1B0D3DFA28CE6582E /* [CP] Embed Pods Frameworks */ = {
			isa = PBXShellScriptBuildPhase;
			buildActionMask = 2147483647;
			files = (
			);
			inputFileListPaths = (
				"${PODS_ROOT}/Target Support Files/Pods-ChatCentral/Pods-ChatCentral-frameworks-${CONFIGURATION}-input-files.xcfilelist",
			);
			name = "[CP] Embed Pods Frameworks";
			outputFileListPaths = (
				"${PODS_ROOT}/Target Support Files/Pods-ChatCentral/Pods-ChatCentral-frameworks-${CONFIGURATION}-output-files.xcfilelist",
			);
			runOnlyForDeploymentPostprocessing = 0;
			shellPath = /bin/sh;
			shellScript = "\"${PODS_ROOT}/Target Support Files/Pods-ChatCentral/Pods-ChatCentral-frameworks.sh\"\n";
			showEnvVarsInLog = 0;
		};
/* End PBXShellScriptBuildPhase section */

/* Begin PBXSourcesBuildPhase section */
		C5D8668C2784F44900793041 /* Sources */ = {
			isa = PBXSourcesBuildPhase;
			buildActionMask = 2147483647;
			files = (
				C5D866AC2784F57F00793041 /* WelcomeViewController.swift in Sources */,
				C5D866BE2785FE0C00793041 /* MessageCell.swift in Sources */,
				C5D866B72785E90300793041 /* Utils.swift in Sources */,
				C5D866942784F44900793041 /* AppDelegate.swift in Sources */,
				C5D866962784F44900793041 /* SceneDelegate.swift in Sources */,
				C5D866B22784F6FF00793041 /* ChatViewController.swift in Sources */,
				C5DB63A0278645EC005C1525 /* Firebase.swift in Sources */,
				C5D866AE2784F69F00793041 /* RegisterViewController.swift in Sources */,
				C5D866BB2785F8B100793041 /* MessageModel.swift in Sources */,
				C5D866B92785F45D00793041 /* Constants.swift in Sources */,
			);
			runOnlyForDeploymentPostprocessing = 0;
		};
/* End PBXSourcesBuildPhase section */

/* Begin PBXVariantGroup section */
		C5D866992784F44900793041 /* Main.storyboard */ = {
			isa = PBXVariantGroup;
			children = (
				C5D8669A2784F44900793041 /* Base */,
			);
			name = Main.storyboard;
			sourceTree = "<group>";
		};
		C5D8669E2784F44B00793041 /* LaunchScreen.storyboard */ = {
			isa = PBXVariantGroup;
			children = (
				C5D8669F2784F44B00793041 /* Base */,
			);
			name = LaunchScreen.storyboard;
			sourceTree = "<group>";
		};
/* End PBXVariantGroup section */

/* Begin XCBuildConfiguration section */
		C5D866A22784F44B00793041 /* Debug */ = {
			isa = XCBuildConfiguration;
			buildSettings = {
				ALWAYS_SEARCH_USER_PATHS = NO;
				CLANG_ANALYZER_NONNULL = YES;
				CLANG_ANALYZER_NUMBER_OBJECT_CONVERSION = YES_AGGRESSIVE;
				CLANG_CXX_LANGUAGE_STANDARD = "gnu++17";
				CLANG_CXX_LIBRARY = "libc++";
				CLANG_ENABLE_MODULES = YES;
				CLANG_ENABLE_OBJC_ARC = YES;
				CLANG_ENABLE_OBJC_WEAK = YES;
				CLANG_WARN_BLOCK_CAPTURE_AUTORELEASING = YES;
				CLANG_WARN_BOOL_CONVERSION = YES;
				CLANG_WARN_COMMA = YES;
				CLANG_WARN_CONSTANT_CONVERSION = YES;
				CLANG_WARN_DEPRECATED_OBJC_IMPLEMENTATIONS = YES;
				CLANG_WARN_DIRECT_OBJC_ISA_USAGE = YES_ERROR;
				CLANG_WARN_DOCUMENTATION_COMMENTS = YES;
				CLANG_WARN_EMPTY_BODY = YES;
				CLANG_WARN_ENUM_CONVERSION = YES;
				CLANG_WARN_INFINITE_RECURSION = YES;
				CLANG_WARN_INT_CONVERSION = YES;
				CLANG_WARN_NON_LITERAL_NULL_CONVERSION = YES;
				CLANG_WARN_OBJC_IMPLICIT_RETAIN_SELF = YES;
				CLANG_WARN_OBJC_LITERAL_CONVERSION = YES;
				CLANG_WARN_OBJC_ROOT_CLASS = YES_ERROR;
				CLANG_WARN_QUOTED_INCLUDE_IN_FRAMEWORK_HEADER = YES;
				CLANG_WARN_RANGE_LOOP_ANALYSIS = YES;
				CLANG_WARN_STRICT_PROTOTYPES = YES;
				CLANG_WARN_SUSPICIOUS_MOVE = YES;
				CLANG_WARN_UNGUARDED_AVAILABILITY = YES_AGGRESSIVE;
				CLANG_WARN_UNREACHABLE_CODE = YES;
				CLANG_WARN__DUPLICATE_METHOD_MATCH = YES;
				COPY_PHASE_STRIP = NO;
				DEBUG_INFORMATION_FORMAT = dwarf;
				ENABLE_STRICT_OBJC_MSGSEND = YES;
				ENABLE_TESTABILITY = YES;
				GCC_C_LANGUAGE_STANDARD = gnu11;
				GCC_DYNAMIC_NO_PIC = NO;
				GCC_NO_COMMON_BLOCKS = YES;
				GCC_OPTIMIZATION_LEVEL = 0;
				GCC_PREPROCESSOR_DEFINITIONS = (
					"DEBUG=1",
					"$(inherited)",
				);
				GCC_WARN_64_TO_32_BIT_CONVERSION = YES;
				GCC_WARN_ABOUT_RETURN_TYPE = YES_ERROR;
				GCC_WARN_UNDECLARED_SELECTOR = YES;
				GCC_WARN_UNINITIALIZED_AUTOS = YES_AGGRESSIVE;
				GCC_WARN_UNUSED_FUNCTION = YES;
				GCC_WARN_UNUSED_VARIABLE = YES;
				IPHONEOS_DEPLOYMENT_TARGET = 15.0;
				MTL_ENABLE_DEBUG_INFO = INCLUDE_SOURCE;
				MTL_FAST_MATH = YES;
				ONLY_ACTIVE_ARCH = YES;
				SDKROOT = iphoneos;
				SWIFT_ACTIVE_COMPILATION_CONDITIONS = DEBUG;
				SWIFT_OPTIMIZATION_LEVEL = "-Onone";
			};
			name = Debug;
		};
		C5D866A32784F44B00793041 /* Release */ = {
			isa = XCBuildConfiguration;
			buildSettings = {
				ALWAYS_SEARCH_USER_PATHS = NO;
				CLANG_ANALYZER_NONNULL = YES;
				CLANG_ANALYZER_NUMBER_OBJECT_CONVERSION = YES_AGGRESSIVE;
				CLANG_CXX_LANGUAGE_STANDARD = "gnu++17";
				CLANG_CXX_LIBRARY = "libc++";
				CLANG_ENABLE_MODULES = YES;
				CLANG_ENABLE_OBJC_ARC = YES;
				CLANG_ENABLE_OBJC_WEAK = YES;
				CLANG_WARN_BLOCK_CAPTURE_AUTORELEASING = YES;
				CLANG_WARN_BOOL_CONVERSION = YES;
				CLANG_WARN_COMMA = YES;
				CLANG_WARN_CONSTANT_CONVERSION = YES;
				CLANG_WARN_DEPRECATED_OBJC_IMPLEMENTATIONS = YES;
				CLANG_WARN_DIRECT_OBJC_ISA_USAGE = YES_ERROR;
				CLANG_WARN_DOCUMENTATION_COMMENTS = YES;
				CLANG_WARN_EMPTY_BODY = YES;
				CLANG_WARN_ENUM_CONVERSION = YES;
				CLANG_WARN_INFINITE_RECURSION = YES;
				CLANG_WARN_INT_CONVERSION = YES;
				CLANG_WARN_NON_LITERAL_NULL_CONVERSION = YES;
				CLANG_WARN_OBJC_IMPLICIT_RETAIN_SELF = YES;
				CLANG_WARN_OBJC_LITERAL_CONVERSION = YES;
				CLANG_WARN_OBJC_ROOT_CLASS = YES_ERROR;
				CLANG_WARN_QUOTED_INCLUDE_IN_FRAMEWORK_HEADER = YES;
				CLANG_WARN_RANGE_LOOP_ANALYSIS = YES;
				CLANG_WARN_STRICT_PROTOTYPES = YES;
				CLANG_WARN_SUSPICIOUS_MOVE = YES;
				CLANG_WARN_UNGUARDED_AVAILABILITY = YES_AGGRESSIVE;
				CLANG_WARN_UNREACHABLE_CODE = YES;
				CLANG_WARN__DUPLICATE_METHOD_MATCH = YES;
				COPY_PHASE_STRIP = NO;
				DEBUG_INFORMATION_FORMAT = "dwarf-with-dsym";
				ENABLE_NS_ASSERTIONS = NO;
				ENABLE_STRICT_OBJC_MSGSEND = YES;
				GCC_C_LANGUAGE_STANDARD = gnu11;
				GCC_NO_COMMON_BLOCKS = YES;
				GCC_WARN_64_TO_32_BIT_CONVERSION = YES;
				GCC_WARN_ABOUT_RETURN_TYPE = YES_ERROR;
				GCC_WARN_UNDECLARED_SELECTOR = YES;
				GCC_WARN_UNINITIALIZED_AUTOS = YES_AGGRESSIVE;
				GCC_WARN_UNUSED_FUNCTION = YES;
				GCC_WARN_UNUSED_VARIABLE = YES;
				IPHONEOS_DEPLOYMENT_TARGET = 15.0;
				MTL_ENABLE_DEBUG_INFO = NO;
				MTL_FAST_MATH = YES;
				SDKROOT = iphoneos;
				SWIFT_COMPILATION_MODE = wholemodule;
				SWIFT_OPTIMIZATION_LEVEL = "-O";
				VALIDATE_PRODUCT = YES;
			};
			name = Release;
		};
		C5D866A52784F44B00793041 /* Debug */ = {
			isa = XCBuildConfiguration;
			baseConfigurationReference = B36567E928E17A633841D6FD /* Pods-ChatCentral.debug.xcconfig */;
			buildSettings = {
				ASSETCATALOG_COMPILER_APPICON_NAME = AppIcon;
				ASSETCATALOG_COMPILER_INCLUDE_ALL_APPICON_ASSETS = NO;
				CODE_SIGN_STYLE = Automatic;
				CURRENT_PROJECT_VERSION = 1;
				DEVELOPMENT_TEAM = C4T7T8FXHB;
				GENERATE_INFOPLIST_FILE = YES;
				INFOPLIST_FILE = ChatCentral/Info.plist;
				INFOPLIST_KEY_CFBundleDisplayName = "Chat Central";
				INFOPLIST_KEY_UIApplicationSupportsIndirectInputEvents = YES;
				INFOPLIST_KEY_UILaunchStoryboardName = LaunchScreen;
				INFOPLIST_KEY_UIMainStoryboardFile = Main;
				INFOPLIST_KEY_UISupportedInterfaceOrientations = UIInterfaceOrientationPortrait;
				INFOPLIST_KEY_UISupportedInterfaceOrientations_iPad = "UIInterfaceOrientationPortrait UIInterfaceOrientationPortraitUpsideDown UIInterfaceOrientationLandscapeLeft UIInterfaceOrientationLandscapeRight";
				INFOPLIST_KEY_UISupportedInterfaceOrientations_iPhone = "UIInterfaceOrientationPortrait UIInterfaceOrientationLandscapeLeft UIInterfaceOrientationLandscapeRight";
				LD_RUNPATH_SEARCH_PATHS = (
					"$(inherited)",
					"@executable_path/Frameworks",
				);
				MARKETING_VERSION = 1.0;
				PRODUCT_BUNDLE_IDENTIFIER = com.anibalventura.ChatCentral;
				PRODUCT_NAME = "$(TARGET_NAME)";
				SWIFT_EMIT_LOC_STRINGS = YES;
				SWIFT_VERSION = 5.0;
				TARGETED_DEVICE_FAMILY = "1,2";
			};
			name = Debug;
		};
		C5D866A62784F44B00793041 /* Release */ = {
			isa = XCBuildConfiguration;
			baseConfigurationReference = 0E91E9859F19FB222358F2F7 /* Pods-ChatCentral.release.xcconfig */;
			buildSettings = {
				ASSETCATALOG_COMPILER_APPICON_NAME = AppIcon;
				ASSETCATALOG_COMPILER_INCLUDE_ALL_APPICON_ASSETS = NO;
				CODE_SIGN_STYLE = Automatic;
				CURRENT_PROJECT_VERSION = 1;
				DEVELOPMENT_TEAM = C4T7T8FXHB;
				GENERATE_INFOPLIST_FILE = YES;
				INFOPLIST_FILE = ChatCentral/Info.plist;
				INFOPLIST_KEY_CFBundleDisplayName = "Chat Central";
				INFOPLIST_KEY_UIApplicationSupportsIndirectInputEvents = YES;
				INFOPLIST_KEY_UILaunchStoryboardName = LaunchScreen;
				INFOPLIST_KEY_UIMainStoryboardFile = Main;
				INFOPLIST_KEY_UISupportedInterfaceOrientations = UIInterfaceOrientationPortrait;
				INFOPLIST_KEY_UISupportedInterfaceOrientations_iPad = "UIInterfaceOrientationPortrait UIInterfaceOrientationPortraitUpsideDown UIInterfaceOrientationLandscapeLeft UIInterfaceOrientationLandscapeRight";
				INFOPLIST_KEY_UISupportedInterfaceOrientations_iPhone = "UIInterfaceOrientationPortrait UIInterfaceOrientationLandscapeLeft UIInterfaceOrientationLandscapeRight";
				LD_RUNPATH_SEARCH_PATHS = (
					"$(inherited)",
					"@executable_path/Frameworks",
				);
				MARKETING_VERSION = 1.0;
				PRODUCT_BUNDLE_IDENTIFIER = com.anibalventura.ChatCentral;
				PRODUCT_NAME = "$(TARGET_NAME)";
				SWIFT_EMIT_LOC_STRINGS = YES;
				SWIFT_VERSION = 5.0;
				TARGETED_DEVICE_FAMILY = "1,2";
			};
			name = Release;
		};
/* End XCBuildConfiguration section */

/* Begin XCConfigurationList section */
		C5D8668B2784F44900793041 /* Build configuration list for PBXProject "ChatCentral" */ = {
			isa = XCConfigurationList;
			buildConfigurations = (
				C5D866A22784F44B00793041 /* Debug */,
				C5D866A32784F44B00793041 /* Release */,
			);
			defaultConfigurationIsVisible = 0;
			defaultConfigurationName = Release;
		};
		C5D866A42784F44B00793041 /* Build configuration list for PBXNativeTarget "ChatCentral" */ = {
			isa = XCConfigurationList;
			buildConfigurations = (
				C5D866A52784F44B00793041 /* Debug */,
				C5D866A62784F44B00793041 /* Release */,
			);
			defaultConfigurationIsVisible = 0;
			defaultConfigurationName = Release;
		};
/* End XCConfigurationList section */
	};
	rootObject = C5D866882784F44900793041 /* Project object */;
}
